
Microsoft Visual Studio Solution File, Format Version 12.00
# Visual Studio 15
VisualStudioVersion = 15.0.28010.2048
MinimumVisualStudioVersion = 10.0.40219.1
Project("{FAE04EC0-301F-11D3-BF4B-00C04F79EFBC}") = "TCMobile.Android", "TCMobile\TCMobile.Android\TCMobile.Android.csproj", "{24CE3C36-16B9-426D-AA0C-5961ECF8D88C}"
EndProject
Project("{FAE04EC0-301F-11D3-BF4B-00C04F79EFBC}") = "TCMobile.iOS", "TCMobile\TCMobile.iOS\TCMobile.iOS.csproj", "{9E211E9A-4C5A-4973-8009-1C28D7531FA3}"
EndProject
Project("{FAE04EC0-301F-11D3-BF4B-00C04F79EFBC}") = "TCMobile.UWP", "TCMobile\TCMobile.UWP\TCMobile.UWP.csproj", "{5B40D0AA-D963-4424-ABC3-EAD954FB73D5}"
EndProject
Project("{9A19103F-16F7-4668-BE54-9A1E7A4F7556}") = "TCMobile", "TCMobile\TCMobile\TCMobile.csproj", "{4E21F9BB-72E6-4931-8C13-BEBCDCBC35A4}"
EndProject
Global
	GlobalSection(SolutionConfigurationPlatforms) = preSolution
		Debug|Any CPU = Debug|Any CPU
		Debug|ARM = Debug|ARM
		Debug|iPhone = Debug|iPhone
		Debug|iPhoneSimulator = Debug|iPhoneSimulator
		Debug|x64 = Debug|x64
		Debug|x86 = Debug|x86
		Release|Any CPU = Release|Any CPU
		Release|ARM = Release|ARM
		Release|iPhone = Release|iPhone
		Release|iPhoneSimulator = Release|iPhoneSimulator
		Release|x64 = Release|x64
		Release|x86 = Release|x86
	EndGlobalSection
	GlobalSection(ProjectConfigurationPlatforms) = postSolution
		{24CE3C36-16B9-426D-AA0C-5961ECF8D88C}.Debug|Any CPU.ActiveCfg = Debug|Any CPU
		{24CE3C36-16B9-426D-AA0C-5961ECF8D88C}.Debug|Any CPU.Build.0 = Debug|Any CPU
		{24CE3C36-16B9-426D-AA0C-5961ECF8D88C}.Debug|Any CPU.Deploy.0 = Debug|Any CPU
		{24CE3C36-16B9-426D-AA0C-5961ECF8D88C}.Debug|ARM.ActiveCfg = Debug|Any CPU
		{24CE3C36-16B9-426D-AA0C-5961ECF8D88C}.Debug|ARM.Build.0 = Debug|Any CPU
		{24CE3C36-16B9-426D-AA0C-5961ECF8D88C}.Debug|ARM.Deploy.0 = Debug|Any CPU
		{24CE3C36-16B9-426D-AA0C-5961ECF8D88C}.Debug|iPhone.ActiveCfg = Debug|Any CPU
		{24CE3C36-16B9-426D-AA0C-5961ECF8D88C}.Debug|iPhone.Build.0 = Debug|Any CPU
		{24CE3C36-16B9-426D-AA0C-5961ECF8D88C}.Debug|iPhone.Deploy.0 = Debug|Any CPU
		{24CE3C36-16B9-426D-AA0C-5961ECF8D88C}.Debug|iPhoneSimulator.ActiveCfg = Debug|Any CPU
		{24CE3C36-16B9-426D-AA0C-5961ECF8D88C}.Debug|iPhoneSimulator.Build.0 = Debug|Any CPU
		{24CE3C36-16B9-426D-AA0C-5961ECF8D88C}.Debug|iPhoneSimulator.Deploy.0 = Debug|Any CPU
		{24CE3C36-16B9-426D-AA0C-5961ECF8D88C}.Debug|x64.ActiveCfg = Debug|Any CPU
		{24CE3C36-16B9-426D-AA0C-5961ECF8D88C}.Debug|x64.Build.0 = Debug|Any CPU
		{24CE3C36-16B9-426D-AA0C-5961ECF8D88C}.Debug|x64.Deploy.0 = Debug|Any CPU
		{24CE3C36-16B9-426D-AA0C-5961ECF8D88C}.Debug|x86.ActiveCfg = Debug|Any CPU
		{24CE3C36-16B9-426D-AA0C-5961ECF8D88C}.Debug|x86.Build.0 = Debug|Any CPU
		{24CE3C36-16B9-426D-AA0C-5961ECF8D88C}.Debug|x86.Deploy.0 = Debug|Any CPU
		{24CE3C36-16B9-426D-AA0C-5961ECF8D88C}.Release|Any CPU.ActiveCfg = Release|Any CPU
		{24CE3C36-16B9-426D-AA0C-5961ECF8D88C}.Release|Any CPU.Build.0 = Release|Any CPU
		{24CE3C36-16B9-426D-AA0C-5961ECF8D88C}.Release|Any CPU.Deploy.0 = Release|Any CPU
		{24CE3C36-16B9-426D-AA0C-5961ECF8D88C}.Release|ARM.ActiveCfg = Release|Any CPU
		{24CE3C36-16B9-426D-AA0C-5961ECF8D88C}.Release|ARM.Build.0 = Release|Any CPU
		{24CE3C36-16B9-426D-AA0C-5961ECF8D88C}.Release|ARM.Deploy.0 = Release|Any CPU
		{24CE3C36-16B9-426D-AA0C-5961ECF8D88C}.Release|iPhone.ActiveCfg = Release|Any CPU
		{24CE3C36-16B9-426D-AA0C-5961ECF8D88C}.Release|iPhone.Build.0 = Release|Any CPU
		{24CE3C36-16B9-426D-AA0C-5961ECF8D88C}.Release|iPhone.Deploy.0 = Release|Any CPU
		{24CE3C36-16B9-426D-AA0C-5961ECF8D88C}.Release|iPhoneSimulator.ActiveCfg = Release|Any CPU
		{24CE3C36-16B9-426D-AA0C-5961ECF8D88C}.Release|iPhoneSimulator.Build.0 = Release|Any CPU
		{24CE3C36-16B9-426D-AA0C-5961ECF8D88C}.Release|iPhoneSimulator.Deploy.0 = Release|Any CPU
		{24CE3C36-16B9-426D-AA0C-5961ECF8D88C}.Release|x64.ActiveCfg = Release|Any CPU
		{24CE3C36-16B9-426D-AA0C-5961ECF8D88C}.Release|x64.Build.0 = Release|Any CPU
		{24CE3C36-16B9-426D-AA0C-5961ECF8D88C}.Release|x64.Deploy.0 = Release|Any CPU
		{24CE3C36-16B9-426D-AA0C-5961ECF8D88C}.Release|x86.ActiveCfg = Release|Any CPU
		{24CE3C36-16B9-426D-AA0C-5961ECF8D88C}.Release|x86.Build.0 = Release|Any CPU
		{24CE3C36-16B9-426D-AA0C-5961ECF8D88C}.Release|x86.Deploy.0 = Release|Any CPU
		{9E211E9A-4C5A-4973-8009-1C28D7531FA3}.Debug|Any CPU.ActiveCfg = Debug|iPhone
		{9E211E9A-4C5A-4973-8009-1C28D7531FA3}.Debug|Any CPU.Build.0 = Debug|iPhone
		{9E211E9A-4C5A-4973-8009-1C28D7531FA3}.Debug|Any CPU.Deploy.0 = Debug|iPhone
		{9E211E9A-4C5A-4973-8009-1C28D7531FA3}.Debug|ARM.ActiveCfg = Debug|iPhone
		{9E211E9A-4C5A-4973-8009-1C28D7531FA3}.Debug|ARM.Build.0 = Debug|iPhone
		{9E211E9A-4C5A-4973-8009-1C28D7531FA3}.Debug|ARM.Deploy.0 = Debug|iPhone
		{9E211E9A-4C5A-4973-8009-1C28D7531FA3}.Debug|iPhone.ActiveCfg = Debug|iPhone
		{9E211E9A-4C5A-4973-8009-1C28D7531FA3}.Debug|iPhone.Build.0 = Debug|iPhone
		{9E211E9A-4C5A-4973-8009-1C28D7531FA3}.Debug|iPhone.Deploy.0 = Debug|iPhone
		{9E211E9A-4C5A-4973-8009-1C28D7531FA3}.Debug|iPhoneSimulator.ActiveCfg = Debug|iPhoneSimulator
		{9E211E9A-4C5A-4973-8009-1C28D7531FA3}.Debug|iPhoneSimulator.Build.0 = Debug|iPhoneSimulator
		{9E211E9A-4C5A-4973-8009-1C28D7531FA3}.Debug|iPhoneSimulator.Deploy.0 = Debug|iPhoneSimulator
		{9E211E9A-4C5A-4973-8009-1C28D7531FA3}.Debug|x64.ActiveCfg = Debug|iPhone
		{9E211E9A-4C5A-4973-8009-1C28D7531FA3}.Debug|x64.Build.0 = Debug|iPhone
		{9E211E9A-4C5A-4973-8009-1C28D7531FA3}.Debug|x64.Deploy.0 = Debug|iPhone
		{9E211E9A-4C5A-4973-8009-1C28D7531FA3}.Debug|x86.ActiveCfg = Debug|iPhoneSimulator
		{9E211E9A-4C5A-4973-8009-1C28D7531FA3}.Debug|x86.Build.0 = Debug|iPhoneSimulator
		{9E211E9A-4C5A-4973-8009-1C28D7531FA3}.Debug|x86.Deploy.0 = Debug|iPhoneSimulator
		{9E211E9A-4C5A-4973-8009-1C28D7531FA3}.Release|Any CPU.ActiveCfg = Release|iPhone
		{9E211E9A-4C5A-4973-8009-1C28D7531FA3}.Release|Any CPU.Build.0 = Release|iPhone
		{9E211E9A-4C5A-4973-8009-1C28D7531FA3}.Release|Any CPU.Deploy.0 = Release|iPhone
		{9E211E9A-4C5A-4973-8009-1C28D7531FA3}.Release|ARM.ActiveCfg = Release|iPhone
		{9E211E9A-4C5A-4973-8009-1C28D7531FA3}.Release|ARM.Build.0 = Release|iPhone
		{9E211E9A-4C5A-4973-8009-1C28D7531FA3}.Release|ARM.Deploy.0 = Release|iPhone
		{9E211E9A-4C5A-4973-8009-1C28D7531FA3}.Release|iPhone.ActiveCfg = Debug|iPhone
		{9E211E9A-4C5A-4973-8009-1C28D7531FA3}.Release|iPhone.Build.0 = Debug|iPhone
		{9E211E9A-4C5A-4973-8009-1C28D7531FA3}.Release|iPhone.Deploy.0 = Debug|iPhone
		{9E211E9A-4C5A-4973-8009-1C28D7531FA3}.Release|iPhoneSimulator.ActiveCfg = Release|iPhoneSimulator
		{9E211E9A-4C5A-4973-8009-1C28D7531FA3}.Release|iPhoneSimulator.Build.0 = Release|iPhoneSimulator
		{9E211E9A-4C5A-4973-8009-1C28D7531FA3}.Release|iPhoneSimulator.Deploy.0 = Release|iPhoneSimulator
		{9E211E9A-4C5A-4973-8009-1C28D7531FA3}.Release|x64.ActiveCfg = Release|iPhone
		{9E211E9A-4C5A-4973-8009-1C28D7531FA3}.Release|x64.Build.0 = Release|iPhone
		{9E211E9A-4C5A-4973-8009-1C28D7531FA3}.Release|x64.Deploy.0 = Release|iPhone
		{9E211E9A-4C5A-4973-8009-1C28D7531FA3}.Release|x86.ActiveCfg = Release|iPhone
		{9E211E9A-4C5A-4973-8009-1C28D7531FA3}.Release|x86.Build.0 = Release|iPhone
		{9E211E9A-4C5A-4973-8009-1C28D7531FA3}.Release|x86.Deploy.0 = Release|iPhone
		{5B40D0AA-D963-4424-ABC3-EAD954FB73D5}.Debug|Any CPU.ActiveCfg = Debug|x86
		{5B40D0AA-D963-4424-ABC3-EAD954FB73D5}.Debug|Any CPU.Build.0 = Debug|x86
		{5B40D0AA-D963-4424-ABC3-EAD954FB73D5}.Debug|Any CPU.Deploy.0 = Debug|x86
		{5B40D0AA-D963-4424-ABC3-EAD954FB73D5}.Debug|ARM.ActiveCfg = Debug|ARM
		{5B40D0AA-D963-4424-ABC3-EAD954FB73D5}.Debug|ARM.Build.0 = Debug|ARM
		{5B40D0AA-D963-4424-ABC3-EAD954FB73D5}.Debug|ARM.Deploy.0 = Debug|ARM
		{5B40D0AA-D963-4424-ABC3-EAD954FB73D5}.Debug|iPhone.ActiveCfg = Debug|x86
		{5B40D0AA-D963-4424-ABC3-EAD954FB73D5}.Debug|iPhone.Build.0 = Debug|x86
		{5B40D0AA-D963-4424-ABC3-EAD954FB73D5}.Debug|iPhone.Deploy.0 = Debug|x86
		{5B40D0AA-D963-4424-ABC3-EAD954FB73D5}.Debug|iPhoneSimulator.ActiveCfg = Debug|x86
		{5B40D0AA-D963-4424-ABC3-EAD954FB73D5}.Debug|iPhoneSimulator.Build.0 = Debug|x86
		{5B40D0AA-D963-4424-ABC3-EAD954FB73D5}.Debug|iPhoneSimulator.Deploy.0 = Debug|x86
		{5B40D0AA-D963-4424-ABC3-EAD954FB73D5}.Debug|x64.ActiveCfg = Debug|x64
		{5B40D0AA-D963-4424-ABC3-EAD954FB73D5}.Debug|x64.Build.0 = Debug|x64
		{5B40D0AA-D963-4424-ABC3-EAD954FB73D5}.Debug|x64.Deploy.0 = Debug|x64
		{5B40D0AA-D963-4424-ABC3-EAD954FB73D5}.Debug|x86.ActiveCfg = Debug|x86
		{5B40D0AA-D963-4424-ABC3-EAD954FB73D5}.Debug|x86.Build.0 = Debug|x86
		{5B40D0AA-D963-4424-ABC3-EAD954FB73D5}.Debug|x86.Deploy.0 = Debug|x86
		{5B40D0AA-D963-4424-ABC3-EAD954FB73D5}.Release|Any CPU.ActiveCfg = Release|x86
		{5B40D0AA-D963-4424-ABC3-EAD954FB73D5}.Release|Any CPU.Build.0 = Release|x86
		{5B40D0AA-D963-4424-ABC3-EAD954FB73D5}.Release|Any CPU.Deploy.0 = Release|x86
		{5B40D0AA-D963-4424-ABC3-EAD954FB73D5}.Release|ARM.ActiveCfg = Release|ARM
		{5B40D0AA-D963-4424-ABC3-EAD954FB73D5}.Release|ARM.Build.0 = Release|ARM
		{5B40D0AA-D963-4424-ABC3-EAD954FB73D5}.Release|ARM.Deploy.0 = Release|ARM
		{5B40D0AA-D963-4424-ABC3-EAD954FB73D5}.Release|iPhone.ActiveCfg = Release|x86
		{5B40D0AA-D963-4424-ABC3-EAD954FB73D5}.Release|iPhone.Build.0 = Release|x86
		{5B40D0AA-D963-4424-ABC3-EAD954FB73D5}.Release|iPhone.Deploy.0 = Release|x86
		{5B40D0AA-D963-4424-ABC3-EAD954FB73D5}.Release|iPhoneSimulator.ActiveCfg = Release|x86
		{5B40D0AA-D963-4424-ABC3-EAD954FB73D5}.Release|iPhoneSimulator.Build.0 = Release|x86
		{5B40D0AA-D963-4424-ABC3-EAD954FB73D5}.Release|iPhoneSimulator.Deploy.0 = Release|x86
		{5B40D0AA-D963-4424-ABC3-EAD954FB73D5}.Release|x64.ActiveCfg = Release|x64
		{5B40D0AA-D963-4424-ABC3-EAD954FB73D5}.Release|x64.Build.0 = Release|x64
		{5B40D0AA-D963-4424-ABC3-EAD954FB73D5}.Release|x64.Deploy.0 = Release|x64
		{5B40D0AA-D963-4424-ABC3-EAD954FB73D5}.Release|x86.ActiveCfg = Release|x86
		{5B40D0AA-D963-4424-ABC3-EAD954FB73D5}.Release|x86.Build.0 = Release|x86
		{5B40D0AA-D963-4424-ABC3-EAD954FB73D5}.Release|x86.Deploy.0 = Release|x86
		{4E21F9BB-72E6-4931-8C13-BEBCDCBC35A4}.Debug|Any CPU.ActiveCfg = Debug|Any CPU
		{4E21F9BB-72E6-4931-8C13-BEBCDCBC35A4}.Debug|Any CPU.Build.0 = Debug|Any CPU
		{4E21F9BB-72E6-4931-8C13-BEBCDCBC35A4}.Debug|Any CPU.Deploy.0 = Debug|Any CPU
		{4E21F9BB-72E6-4931-8C13-BEBCDCBC35A4}.Debug|ARM.ActiveCfg = Debug|Any CPU
		{4E21F9BB-72E6-4931-8C13-BEBCDCBC35A4}.Debug|ARM.Build.0 = Debug|Any CPU
		{4E21F9BB-72E6-4931-8C13-BEBCDCBC35A4}.Debug|ARM.Deploy.0 = Debug|Any CPU
		{4E21F9BB-72E6-4931-8C13-BEBCDCBC35A4}.Debug|iPhone.ActiveCfg = Debug|Any CPU
		{4E21F9BB-72E6-4931-8C13-BEBCDCBC35A4}.Debug|iPhone.Build.0 = Debug|Any CPU
		{4E21F9BB-72E6-4931-8C13-BEBCDCBC35A4}.Debug|iPhone.Deploy.0 = Debug|Any CPU
		{4E21F9BB-72E6-4931-8C13-BEBCDCBC35A4}.Debug|iPhoneSimulator.ActiveCfg = Debug|Any CPU
		{4E21F9BB-72E6-4931-8C13-BEBCDCBC35A4}.Debug|iPhoneSimulator.Build.0 = Debug|Any CPU
		{4E21F9BB-72E6-4931-8C13-BEBCDCBC35A4}.Debug|iPhoneSimulator.Deploy.0 = Debug|Any CPU
		{4E21F9BB-72E6-4931-8C13-BEBCDCBC35A4}.Debug|x64.ActiveCfg = Debug|Any CPU
		{4E21F9BB-72E6-4931-8C13-BEBCDCBC35A4}.Debug|x64.Build.0 = Debug|Any CPU
		{4E21F9BB-72E6-4931-8C13-BEBCDCBC35A4}.Debug|x64.Deploy.0 = Debug|Any CPU
		{4E21F9BB-72E6-4931-8C13-BEBCDCBC35A4}.Debug|x86.ActiveCfg = Debug|Any CPU
		{4E21F9BB-72E6-4931-8C13-BEBCDCBC35A4}.Debug|x86.Build.0 = Debug|Any CPU
		{4E21F9BB-72E6-4931-8C13-BEBCDCBC35A4}.Debug|x86.Deploy.0 = Debug|Any CPU
		{4E21F9BB-72E6-4931-8C13-BEBCDCBC35A4}.Release|Any CPU.ActiveCfg = Release|Any CPU
		{4E21F9BB-72E6-4931-8C13-BEBCDCBC35A4}.Release|Any CPU.Build.0 = Release|Any CPU
		{4E21F9BB-72E6-4931-8C13-BEBCDCBC35A4}.Release|Any CPU.Deploy.0 = Release|Any CPU
		{4E21F9BB-72E6-4931-8C13-BEBCDCBC35A4}.Release|ARM.ActiveCfg = Release|Any CPU
		{4E21F9BB-72E6-4931-8C13-BEBCDCBC35A4}.Release|ARM.Build.0 = Release|Any CPU
		{4E21F9BB-72E6-4931-8C13-BEBCDCBC35A4}.Release|ARM.Deploy.0 = Release|Any CPU
		{4E21F9BB-72E6-4931-8C13-BEBCDCBC35A4}.Release|iPhone.ActiveCfg = Release|Any CPU
		{4E21F9BB-72E6-4931-8C13-BEBCDCBC35A4}.Release|iPhone.Build.0 = Release|Any CPU
		{4E21F9BB-72E6-4931-8C13-BEBCDCBC35A4}.Release|iPhone.Deploy.0 = Release|Any CPU
		{4E21F9BB-72E6-4931-8C13-BEBCDCBC35A4}.Release|iPhoneSimulator.ActiveCfg = Release|Any CPU
		{4E21F9BB-72E6-4931-8C13-BEBCDCBC35A4}.Release|iPhoneSimulator.Build.0 = Release|Any CPU
		{4E21F9BB-72E6-4931-8C13-BEBCDCBC35A4}.Release|iPhoneSimulator.Deploy.0 = Release|Any CPU
		{4E21F9BB-72E6-4931-8C13-BEBCDCBC35A4}.Release|x64.ActiveCfg = Release|Any CPU
		{4E21F9BB-72E6-4931-8C13-BEBCDCBC35A4}.Release|x64.Build.0 = Release|Any CPU
		{4E21F9BB-72E6-4931-8C13-BEBCDCBC35A4}.Release|x64.Deploy.0 = Release|Any CPU
		{4E21F9BB-72E6-4931-8C13-BEBCDCBC35A4}.Release|x86.ActiveCfg = Release|Any CPU
		{4E21F9BB-72E6-4931-8C13-BEBCDCBC35A4}.Release|x86.Build.0 = Release|Any CPU
		{4E21F9BB-72E6-4931-8C13-BEBCDCBC35A4}.Release|x86.Deploy.0 = Release|Any CPU
	EndGlobalSection
	GlobalSection(SolutionProperties) = preSolution
		HideSolutionNode = FALSE
	EndGlobalSection
	GlobalSection(ExtensibilityGlobals) = postSolution
		SolutionGuid = {A77213FB-DD70-408E-ADC0-455120838124}
	EndGlobalSection
EndGlobal
